// !$*UTF8*$!
{
	archiveVersion = 1;
	classes = {
	};
	objectVersion = 46;
	objects = {

/* Begin PBXBuildFile section */
		C06C934414AB131100C9D372 /* UIKit.framework in Frameworks */ = {isa = PBXBuildFile; fileRef = C06C934314AB131100C9D372 /* UIKit.framework */; };
		C06C934614AB131100C9D372 /* Foundation.framework in Frameworks */ = {isa = PBXBuildFile; fileRef = C06C934514AB131100C9D372 /* Foundation.framework */; };
		C06C934814AB131100C9D372 /* CoreGraphics.framework in Frameworks */ = {isa = PBXBuildFile; fileRef = C06C934714AB131100C9D372 /* CoreGraphics.framework */; };
		C06C934A14AB131100C9D372 /* CoreData.framework in Frameworks */ = {isa = PBXBuildFile; fileRef = C06C934914AB131100C9D372 /* CoreData.framework */; };
		C06C935014AB131100C9D372 /* InfoPlist.strings in Resources */ = {isa = PBXBuildFile; fileRef = C06C934E14AB131100C9D372 /* InfoPlist.strings */; };
		C06C935214AB131100C9D372 /* main.m in Sources */ = {isa = PBXBuildFile; fileRef = C06C935114AB131100C9D372 /* main.m */; };
		C06C935614AB131100C9D372 /* MjTsumotterAppDelegate.m in Sources */ = {isa = PBXBuildFile; fileRef = C06C935514AB131100C9D372 /* MjTsumotterAppDelegate.m */; };
		C06C935914AB131100C9D372 /* MjTsumotter.xcdatamodeld in Sources */ = {isa = PBXBuildFile; fileRef = C06C935714AB131100C9D372 /* MjTsumotter.xcdatamodeld */; };
		C06C937014AB156D00C9D372 /* sample1.jpeg in Resources */ = {isa = PBXBuildFile; fileRef = C06C936A14AB156D00C9D372 /* sample1.jpeg */; };
		C06C937114AB156D00C9D372 /* sample2.jpeg in Resources */ = {isa = PBXBuildFile; fileRef = C06C936B14AB156D00C9D372 /* sample2.jpeg */; };
		C06C937214AB156D00C9D372 /* sample3.jpeg in Resources */ = {isa = PBXBuildFile; fileRef = C06C936C14AB156D00C9D372 /* sample3.jpeg */; };
		C06C937314AB156D00C9D372 /* sample4.jpeg in Resources */ = {isa = PBXBuildFile; fileRef = C06C936D14AB156D00C9D372 /* sample4.jpeg */; };
		C06C937414AB156D00C9D372 /* sample0.jpeg in Resources */ = {isa = PBXBuildFile; fileRef = C06C936E14AB156D00C9D372 /* sample0.jpeg */; };
		C06C937814AB15BC00C9D372 /* MjTsumotterViewContoller.m in Sources */ = {isa = PBXBuildFile; fileRef = C06C937714AB15BB00C9D372 /* MjTsumotterViewContoller.m */; };
		C06C937A14AB165F00C9D372 /* UITabBarCamera.png in Resources */ = {isa = PBXBuildFile; fileRef = C06C937914AB165F00C9D372 /* UITabBarCamera.png */; };
		C06C937C14AB167700C9D372 /* UITabBarHistory.png in Resources */ = {isa = PBXBuildFile; fileRef = C06C937B14AB167600C9D372 /* UITabBarHistory.png */; };
		C06C937E14AB16B000C9D372 /* UITabBarSetting.png in Resources */ = {isa = PBXBuildFile; fileRef = C06C937D14AB16B000C9D372 /* UITabBarSetting.png */; };
		C06C938014AB16E500C9D372 /* UITabBarChart.png in Resources */ = {isa = PBXBuildFile; fileRef = C06C937F14AB16E400C9D372 /* UITabBarChart.png */; };
		C06C938314AB174B00C9D372 /* TakePhotoViewContoller.m in Sources */ = {isa = PBXBuildFile; fileRef = C06C938214AB174900C9D372 /* TakePhotoViewContoller.m */; };
		C06C938F14AB187C00C9D372 /* AppSettingTableViewContoller.m in Sources */ = {isa = PBXBuildFile; fileRef = C06C938E14AB187A00C9D372 /* AppSettingTableViewContoller.m */; };
		C06C939214AB189C00C9D372 /* AgariHistoryTableViewContoller.m in Sources */ = {isa = PBXBuildFile; fileRef = C06C939114AB189B00C9D372 /* AgariHistoryTableViewContoller.m */; };
		C06C939514AB18BE00C9D372 /* ChartAnalyzeTableViewContoller.m in Sources */ = {isa = PBXBuildFile; fileRef = C06C939414AB18BD00C9D372 /* ChartAnalyzeTableViewContoller.m */; };
		C06C939B14AC1E0000C9D372 /* QuartzCore.framework in Frameworks */ = {isa = PBXBuildFile; fileRef = C06C939A14AC1DFF00C9D372 /* QuartzCore.framework */; };
		C06C939E14AC2C3500C9D372 /* AgariDetailTableViewController.m in Sources */ = {isa = PBXBuildFile; fileRef = C06C939D14AC2C3500C9D372 /* AgariDetailTableViewController.m */; };
/* End PBXBuildFile section */

/* Begin PBXFileReference section */
		C06C933F14AB131100C9D372 /* MjTsumotter.app */ = {isa = PBXFileReference; explicitFileType = wrapper.application; includeInIndex = 0; path = MjTsumotter.app; sourceTree = BUILT_PRODUCTS_DIR; };
		C06C934314AB131100C9D372 /* UIKit.framework */ = {isa = PBXFileReference; lastKnownFileType = wrapper.framework; name = UIKit.framework; path = System/Library/Frameworks/UIKit.framework; sourceTree = SDKROOT; };
		C06C934514AB131100C9D372 /* Foundation.framework */ = {isa = PBXFileReference; lastKnownFileType = wrapper.framework; name = Foundation.framework; path = System/Library/Frameworks/Foundation.framework; sourceTree = SDKROOT; };
		C06C934714AB131100C9D372 /* CoreGraphics.framework */ = {isa = PBXFileReference; lastKnownFileType = wrapper.framework; name = CoreGraphics.framework; path = System/Library/Frameworks/CoreGraphics.framework; sourceTree = SDKROOT; };
		C06C934914AB131100C9D372 /* CoreData.framework */ = {isa = PBXFileReference; lastKnownFileType = wrapper.framework; name = CoreData.framework; path = System/Library/Frameworks/CoreData.framework; sourceTree = SDKROOT; };
		C06C934D14AB131100C9D372 /* MjTsumotter-Info.plist */ = {isa = PBXFileReference; lastKnownFileType = text.plist.xml; path = "MjTsumotter-Info.plist"; sourceTree = "<group>"; };
		C06C934F14AB131100C9D372 /* en */ = {isa = PBXFileReference; lastKnownFileType = text.plist.strings; name = en; path = en.lproj/InfoPlist.strings; sourceTree = "<group>"; };
		C06C935114AB131100C9D372 /* main.m */ = {isa = PBXFileReference; lastKnownFileType = sourcecode.c.objc; path = main.m; sourceTree = "<group>"; };
		C06C935314AB131100C9D372 /* MjTsumotter-Prefix.pch */ = {isa = PBXFileReference; lastKnownFileType = sourcecode.c.h; path = "MjTsumotter-Prefix.pch"; sourceTree = "<group>"; };
		C06C935414AB131100C9D372 /* MjTsumotterAppDelegate.h */ = {isa = PBXFileReference; lastKnownFileType = sourcecode.c.h; path = MjTsumotterAppDelegate.h; sourceTree = "<group>"; };
		C06C935514AB131100C9D372 /* MjTsumotterAppDelegate.m */ = {isa = PBXFileReference; lastKnownFileType = sourcecode.c.objc; path = MjTsumotterAppDelegate.m; sourceTree = "<group>"; };
		C06C935814AB131100C9D372 /* MjTsumotter.xcdatamodel */ = {isa = PBXFileReference; lastKnownFileType = wrapper.xcdatamodel; path = MjTsumotter.xcdatamodel; sourceTree = "<group>"; };
		C06C936714AB14F400C9D372 /* CommonDefines.h */ = {isa = PBXFileReference; fileEncoding = 4; lastKnownFileType = sourcecode.c.h; path = CommonDefines.h; sourceTree = "<group>"; };
		C06C936A14AB156D00C9D372 /* sample1.jpeg */ = {isa = PBXFileReference; lastKnownFileType = image.jpeg; path = sample1.jpeg; sourceTree = "<group>"; };
		C06C936B14AB156D00C9D372 /* sample2.jpeg */ = {isa = PBXFileReference; lastKnownFileType = image.jpeg; path = sample2.jpeg; sourceTree = "<group>"; };
		C06C936C14AB156D00C9D372 /* sample3.jpeg */ = {isa = PBXFileReference; lastKnownFileType = image.jpeg; path = sample3.jpeg; sourceTree = "<group>"; };
		C06C936D14AB156D00C9D372 /* sample4.jpeg */ = {isa = PBXFileReference; lastKnownFileType = image.jpeg; path = sample4.jpeg; sourceTree = "<group>"; };
		C06C936E14AB156D00C9D372 /* sample0.jpeg */ = {isa = PBXFileReference; lastKnownFileType = image.jpeg; path = sample0.jpeg; sourceTree = "<group>"; };
		C06C937614AB15BB00C9D372 /* MjTsumotterViewContoller.h */ = {isa = PBXFileReference; fileEncoding = 4; lastKnownFileType = sourcecode.c.h; path = MjTsumotterViewContoller.h; sourceTree = "<group>"; };
		C06C937714AB15BB00C9D372 /* MjTsumotterViewContoller.m */ = {isa = PBXFileReference; fileEncoding = 4; lastKnownFileType = sourcecode.c.objc; path = MjTsumotterViewContoller.m; sourceTree = "<group>"; };
		C06C937914AB165F00C9D372 /* UITabBarCamera.png */ = {isa = PBXFileReference; lastKnownFileType = image.png; path = UITabBarCamera.png; sourceTree = "<group>"; };
		C06C937B14AB167600C9D372 /* UITabBarHistory.png */ = {isa = PBXFileReference; lastKnownFileType = image.png; path = UITabBarHistory.png; sourceTree = "<group>"; };
		C06C937D14AB16B000C9D372 /* UITabBarSetting.png */ = {isa = PBXFileReference; lastKnownFileType = image.png; path = UITabBarSetting.png; sourceTree = "<group>"; };
		C06C937F14AB16E400C9D372 /* UITabBarChart.png */ = {isa = PBXFileReference; lastKnownFileType = image.png; path = UITabBarChart.png; sourceTree = "<group>"; };
		C06C938114AB174900C9D372 /* TakePhotoViewContoller.h */ = {isa = PBXFileReference; fileEncoding = 4; lastKnownFileType = sourcecode.c.h; path = TakePhotoViewContoller.h; sourceTree = "<group>"; };
		C06C938214AB174900C9D372 /* TakePhotoViewContoller.m */ = {isa = PBXFileReference; fileEncoding = 4; lastKnownFileType = sourcecode.c.objc; path = TakePhotoViewContoller.m; sourceTree = "<group>"; };
		C06C938D14AB187900C9D372 /* AppSettingTableViewContoller.h */ = {isa = PBXFileReference; fileEncoding = 4; lastKnownFileType = sourcecode.c.h; path = AppSettingTableViewContoller.h; sourceTree = "<group>"; };
		C06C938E14AB187A00C9D372 /* AppSettingTableViewContoller.m */ = {isa = PBXFileReference; fileEncoding = 4; lastKnownFileType = sourcecode.c.objc; path = AppSettingTableViewContoller.m; sourceTree = "<group>"; };
		C06C939014AB189A00C9D372 /* AgariHistoryTableViewContoller.h */ = {isa = PBXFileReference; fileEncoding = 4; lastKnownFileType = sourcecode.c.h; path = AgariHistoryTableViewContoller.h; sourceTree = "<group>"; };
		C06C939114AB189B00C9D372 /* AgariHistoryTableViewContoller.m */ = {isa = PBXFileReference; fileEncoding = 4; lastKnownFileType = sourcecode.c.objc; path = AgariHistoryTableViewContoller.m; sourceTree = "<group>"; };
		C06C939314AB18BB00C9D372 /* ChartAnalyzeTableViewContoller.h */ = {isa = PBXFileReference; fileEncoding = 4; lastKnownFileType = sourcecode.c.h; path = ChartAnalyzeTableViewContoller.h; sourceTree = "<group>"; };
		C06C939414AB18BD00C9D372 /* ChartAnalyzeTableViewContoller.m */ = {isa = PBXFileReference; fileEncoding = 4; lastKnownFileType = sourcecode.c.objc; path = ChartAnalyzeTableViewContoller.m; sourceTree = "<group>"; };
		C06C939A14AC1DFF00C9D372 /* QuartzCore.framework */ = {isa = PBXFileReference; lastKnownFileType = wrapper.framework; name = QuartzCore.framework; path = System/Library/Frameworks/QuartzCore.framework; sourceTree = SDKROOT; };
		C06C939C14AC2C3500C9D372 /* AgariDetailTableViewController.h */ = {isa = PBXFileReference; fileEncoding = 4; lastKnownFileType = sourcecode.c.h; path = AgariDetailTableViewController.h; sourceTree = "<group>"; };
		C06C939D14AC2C3500C9D372 /* AgariDetailTableViewController.m */ = {isa = PBXFileReference; fileEncoding = 4; lastKnownFileType = sourcecode.c.objc; path = AgariDetailTableViewController.m; sourceTree = "<group>"; };
/* End PBXFileReference section */

/* Begin PBXFrameworksBuildPhase section */
		C06C933C14AB131100C9D372 /* Frameworks */ = {
			isa = PBXFrameworksBuildPhase;
			buildActionMask = 2147483647;
			files = (
				C06C939B14AC1E0000C9D372 /* QuartzCore.framework in Frameworks */,
				C06C934414AB131100C9D372 /* UIKit.framework in Frameworks */,
				C06C934614AB131100C9D372 /* Foundation.framework in Frameworks */,
				C06C934814AB131100C9D372 /* CoreGraphics.framework in Frameworks */,
				C06C934A14AB131100C9D372 /* CoreData.framework in Frameworks */,
			);
			runOnlyForDeploymentPostprocessing = 0;
		};
/* End PBXFrameworksBuildPhase section */

/* Begin PBXGroup section */
		C06C933414AB131100C9D372 = {
			isa = PBXGroup;
			children = (
				C06C934B14AB131100C9D372 /* MjTsumotter */,
				C06C934214AB131100C9D372 /* Frameworks */,
				C06C934014AB131100C9D372 /* Products */,
			);
			sourceTree = "<group>";
		};
		C06C934014AB131100C9D372 /* Products */ = {
			isa = PBXGroup;
			children = (
				C06C933F14AB131100C9D372 /* MjTsumotter.app */,
			);
			name = Products;
			sourceTree = "<group>";
		};
		C06C934214AB131100C9D372 /* Frameworks */ = {
			isa = PBXGroup;
			children = (
				C06C939A14AC1DFF00C9D372 /* QuartzCore.framework */,
				C06C934314AB131100C9D372 /* UIKit.framework */,
				C06C934514AB131100C9D372 /* Foundation.framework */,
				C06C934714AB131100C9D372 /* CoreGraphics.framework */,
				C06C934914AB131100C9D372 /* CoreData.framework */,
			);
			name = Frameworks;
			sourceTree = "<group>";
		};
		C06C934B14AB131100C9D372 /* MjTsumotter */ = {
			isa = PBXGroup;
			children = (
				C06C939614AB18D000C9D372 /* Take Photo */,
				C06C939714AB18FE00C9D372 /* Agari History */,
				C06C939814AB19ED00C9D372 /* Chart Analyze */,
				C06C939914AB1A8C00C9D372 /* App Setting */,
				C06C937614AB15BB00C9D372 /* MjTsumotterViewContoller.h */,
				C06C937714AB15BB00C9D372 /* MjTsumotterViewContoller.m */,
				C06C935414AB131100C9D372 /* MjTsumotterAppDelegate.h */,
				C06C935514AB131100C9D372 /* MjTsumotterAppDelegate.m */,
				C06C935714AB131100C9D372 /* MjTsumotter.xcdatamodeld */,
				C06C934C14AB131100C9D372 /* Supporting Files */,
			);
			path = MjTsumotter;
			sourceTree = "<group>";
		};
		C06C934C14AB131100C9D372 /* Supporting Files */ = {
			isa = PBXGroup;
			children = (
				C06C936914AB153F00C9D372 /* Image File */,
				C06C934D14AB131100C9D372 /* MjTsumotter-Info.plist */,
				C06C934E14AB131100C9D372 /* InfoPlist.strings */,
				C06C935114AB131100C9D372 /* main.m */,
				C06C935314AB131100C9D372 /* MjTsumotter-Prefix.pch */,
				C06C936714AB14F400C9D372 /* CommonDefines.h */,
			);
			name = "Supporting Files";
			sourceTree = "<group>";
		};
		C06C936914AB153F00C9D372 /* Image File */ = {
			isa = PBXGroup;
			children = (
				C06C937914AB165F00C9D372 /* UITabBarCamera.png */,
				C06C937B14AB167600C9D372 /* UITabBarHistory.png */,
				C06C937F14AB16E400C9D372 /* UITabBarChart.png */,
				C06C937D14AB16B000C9D372 /* UITabBarSetting.png */,
				C06C936E14AB156D00C9D372 /* sample0.jpeg */,
				C06C936A14AB156D00C9D372 /* sample1.jpeg */,
				C06C936B14AB156D00C9D372 /* sample2.jpeg */,
				C06C936C14AB156D00C9D372 /* sample3.jpeg */,
				C06C936D14AB156D00C9D372 /* sample4.jpeg */,
			);
			name = "Image File";
			sourceTree = "<group>";
		};
		C06C939614AB18D000C9D372 /* Take Photo */ = {
			isa = PBXGroup;
			children = (
				C06C938114AB174900C9D372 /* TakePhotoViewContoller.h */,
				C06C938214AB174900C9D372 /* TakePhotoViewContoller.m */,
			);
			name = "Take Photo";
			sourceTree = "<group>";
		};
		C06C939714AB18FE00C9D372 /* Agari History */ = {
			isa = PBXGroup;
			children = (
				C06C939014AB189A00C9D372 /* AgariHistoryTableViewContoller.h */,
				C06C939114AB189B00C9D372 /* AgariHistoryTableViewContoller.m */,
				C06C939C14AC2C3500C9D372 /* AgariDetailTableViewController.h */,
				C06C939D14AC2C3500C9D372 /* AgariDetailTableViewController.m */,
			);
			name = "Agari History";
			sourceTree = "<group>";
		};
		C06C939814AB19ED00C9D372 /* Chart Analyze */ = {
			isa = PBXGroup;
			children = (
				C06C939314AB18BB00C9D372 /* ChartAnalyzeTableViewContoller.h */,
				C06C939414AB18BD00C9D372 /* ChartAnalyzeTableViewContoller.m */,
			);
			name = "Chart Analyze";
			sourceTree = "<group>";
		};
		C06C939914AB1A8C00C9D372 /* App Setting */ = {
			isa = PBXGroup;
			children = (
				C06C938D14AB187900C9D372 /* AppSettingTableViewContoller.h */,
				C06C938E14AB187A00C9D372 /* AppSettingTableViewContoller.m */,
			);
			name = "App Setting";
			sourceTree = "<group>";
		};
/* End PBXGroup section */

/* Begin PBXNativeTarget section */
		C06C933E14AB131100C9D372 /* MjTsumotter */ = {
			isa = PBXNativeTarget;
			buildConfigurationList = C06C935C14AB131100C9D372 /* Build configuration list for PBXNativeTarget "MjTsumotter" */;
			buildPhases = (
				C06C933B14AB131100C9D372 /* Sources */,
				C06C933C14AB131100C9D372 /* Frameworks */,
				C06C933D14AB131100C9D372 /* Resources */,
			);
			buildRules = (
			);
			dependencies = (
			);
			name = MjTsumotter;
			productName = MjTsumotter;
			productReference = C06C933F14AB131100C9D372 /* MjTsumotter.app */;
			productType = "com.apple.product-type.application";
		};
/* End PBXNativeTarget section */

/* Begin PBXProject section */
		C06C933614AB131100C9D372 /* Project object */ = {
			isa = PBXProject;
			attributes = {
				LastUpgradeCheck = 0420;
			};
			buildConfigurationList = C06C933914AB131100C9D372 /* Build configuration list for PBXProject "MjTsumotter" */;
			compatibilityVersion = "Xcode 3.2";
			developmentRegion = English;
			hasScannedForEncodings = 0;
			knownRegions = (
				en,
			);
			mainGroup = C06C933414AB131100C9D372;
			productRefGroup = C06C934014AB131100C9D372 /* Products */;
			projectDirPath = "";
			projectRoot = "";
			targets = (
				C06C933E14AB131100C9D372 /* MjTsumotter */,
			);
		};
/* End PBXProject section */

/* Begin PBXResourcesBuildPhase section */
		C06C933D14AB131100C9D372 /* Resources */ = {
			isa = PBXResourcesBuildPhase;
			buildActionMask = 2147483647;
			files = (
				C06C935014AB131100C9D372 /* InfoPlist.strings in Resources */,
				C06C937014AB156D00C9D372 /* sample1.jpeg in Resources */,
				C06C937114AB156D00C9D372 /* sample2.jpeg in Resources */,
				C06C937214AB156D00C9D372 /* sample3.jpeg in Resources */,
				C06C937314AB156D00C9D372 /* sample4.jpeg in Resources */,
				C06C937414AB156D00C9D372 /* sample0.jpeg in Resources */,
				C06C937A14AB165F00C9D372 /* UITabBarCamera.png in Resources */,
				C06C937C14AB167700C9D372 /* UITabBarHistory.png in Resources */,
				C06C937E14AB16B000C9D372 /* UITabBarSetting.png in Resources */,
				C06C938014AB16E500C9D372 /* UITabBarChart.png in Resources */,
			);
			runOnlyForDeploymentPostprocessing = 0;
		};
/* End PBXResourcesBuildPhase section */

/* Begin PBXSourcesBuildPhase section */
		C06C933B14AB131100C9D372 /* Sources */ = {
			isa = PBXSourcesBuildPhase;
			buildActionMask = 2147483647;
			files = (
				C06C935214AB131100C9D372 /* main.m in Sources */,
				C06C935614AB131100C9D372 /* MjTsumotterAppDelegate.m in Sources */,
				C06C935914AB131100C9D372 /* MjTsumotter.xcdatamodeld in Sources */,
				C06C937814AB15BC00C9D372 /* MjTsumotterViewContoller.m in Sources */,
				C06C938314AB174B00C9D372 /* TakePhotoViewContoller.m in Sources */,
				C06C938F14AB187C00C9D372 /* AppSettingTableViewContoller.m in Sources */,
				C06C939214AB189C00C9D372 /* AgariHistoryTableViewContoller.m in Sources */,
				C06C939514AB18BE00C9D372 /* ChartAnalyzeTableViewContoller.m in Sources */,
				C06C939E14AC2C3500C9D372 /* AgariDetailTableViewController.m in Sources */,
			);
			runOnlyForDeploymentPostprocessing = 0;
		};
/* End PBXSourcesBuildPhase section */

/* Begin PBXVariantGroup section */
		C06C934E14AB131100C9D372 /* InfoPlist.strings */ = {
			isa = PBXVariantGroup;
			children = (
				C06C934F14AB131100C9D372 /* en */,
			);
			name = InfoPlist.strings;
			sourceTree = "<group>";
		};
/* End PBXVariantGroup section */

/* Begin XCBuildConfiguration section */
		C06C935A14AB131100C9D372 /* Debug */ = {
			isa = XCBuildConfiguration;
			buildSettings = {
				ALWAYS_SEARCH_USER_PATHS = NO;
				ARCHS = "$(ARCHS_STANDARD_32_BIT)";
				"CODE_SIGN_IDENTITY[sdk=iphoneos*]" = "iPhone Developer";
				COPY_PHASE_STRIP = NO;
				GCC_C_LANGUAGE_STANDARD = gnu99;
				GCC_DYNAMIC_NO_PIC = NO;
				GCC_OPTIMIZATION_LEVEL = 0;
				GCC_PREPROCESSOR_DEFINITIONS = (
					"DEBUG=1",
					"$(inherited)",
				);
				GCC_SYMBOLS_PRIVATE_EXTERN = NO;
				GCC_VERSION = com.apple.compilers.llvm.clang.1_0;
				GCC_WARN_ABOUT_MISSING_PROTOTYPES = YES;
				GCC_WARN_ABOUT_RETURN_TYPE = YES;
				GCC_WARN_UNUSED_VARIABLE = YES;
				IPHONEOS_DEPLOYMENT_TARGET = 4.2;
				SDKROOT = iphoneos;
			};
			name = Debug;
		};
		C06C935B14AB131100C9D372 /* Release */ = {
			isa = XCBuildConfiguration;
			buildSettings = {
				ALWAYS_SEARCH_USER_PATHS = NO;
				ARCHS = "$(ARCHS_STANDARD_32_BIT)";
				"CODE_SIGN_IDENTITY[sdk=iphoneos*]" = "iPhone Developer";
				COPY_PHASE_STRIP = YES;
				GCC_C_LANGUAGE_STANDARD = gnu99;
				GCC_VERSION = com.apple.compilers.llvm.clang.1_0;
				GCC_WARN_ABOUT_MISSING_PROTOTYPES = YES;
				GCC_WARN_ABOUT_RETURN_TYPE = YES;
				GCC_WARN_UNUSED_VARIABLE = YES;
				IPHONEOS_DEPLOYMENT_TARGET = 4.2;
				OTHER_CFLAGS = "-DNS_BLOCK_ASSERTIONS=1";
				SDKROOT = iphoneos;
				VALIDATE_PRODUCT = YES;
			};
			name = Release;
		};
		C06C935D14AB131100C9D372 /* Debug */ = {
			isa = XCBuildConfiguration;
			buildSettings = {
				GCC_PRECOMPILE_PREFIX_HEADER = YES;
				GCC_PREFIX_HEADER = "MjTsumotter/MjTsumotter-Prefix.pch";
				INFOPLIST_FILE = "MjTsumotter/MjTsumotter-Info.plist";
				PRODUCT_NAME = "$(TARGET_NAME)";
				WRAPPER_EXTENSION = app;
			};
			name = Debug;
		};
		C06C935E14AB131100C9D372 /* Release */ = {
			isa = XCBuildConfiguration;
			buildSettings = {
				GCC_PRECOMPILE_PREFIX_HEADER = YES;
				GCC_PREFIX_HEADER = "MjTsumotter/MjTsumotter-Prefix.pch";
				INFOPLIST_FILE = "MjTsumotter/MjTsumotter-Info.plist";
				PRODUCT_NAME = "$(TARGET_NAME)";
				WRAPPER_EXTENSION = app;
			};
			name = Release;
		};
/* End XCBuildConfiguration section */

/* Begin XCConfigurationList section */
		C06C933914AB131100C9D372 /* Build configuration list for PBXProject "MjTsumotter" */ = {
			isa = XCConfigurationList;
			buildConfigurations = (
				C06C935A14AB131100C9D372 /* Debug */,
				C06C935B14AB131100C9D372 /* Release */,
			);
			defaultConfigurationIsVisible = 0;
			defaultConfigurationName = Release;
		};
		C06C935C14AB131100C9D372 /* Build configuration list for PBXNativeTarget "MjTsumotter" */ = {
			isa = XCConfigurationList;
			buildConfigurations = (
				C06C935D14AB131100C9D372 /* Debug */,
				C06C935E14AB131100C9D372 /* Release */,
			);
			defaultConfigurationIsVisible = 0;
			defaultConfigurationName = Release;
		};
/* End XCConfigurationList section */

/* Begin XCVersionGroup section */
		C06C935714AB131100C9D372 /* MjTsumotter.xcdatamodeld */ = {
			isa = XCVersionGroup;
			children = (
				C06C935814AB131100C9D372 /* MjTsumotter.xcdatamodel */,
			);
			currentVersion = C06C935814AB131100C9D372 /* MjTsumotter.xcdatamodel */;
			path = MjTsumotter.xcdatamodeld;
			sourceTree = "<group>";
			versionGroupType = wrapper.xcdatamodel;
		};
/* End XCVersionGroup section */
	};
	rootObject = C06C933614AB131100C9D372 /* Project object */;
}
